<?xml version="1.0" encoding="utf-8"?>
<Project ToolsVersion="4.0" xmlns="http://schemas.microsoft.com/developer/msbuild/2003">
  <ItemGroup>
    <Filter Include="Source Files">
      <UniqueIdentifier>{4FC737F1-C7A5-4376-A066-2A32D752A2FF}</UniqueIdentifier>
      <Extensions>cpp;c;cc;cxx;def;odl;idl;hpj;bat;asm;asmx</Extensions>
    </Filter>
    <Filter Include="Header Files">
      <UniqueIdentifier>{93995380-89BD-4b04-88EB-625FBE52EBFB}</UniqueIdentifier>
      <Extensions>h;hh;hpp;hxx;hm;inl;inc;ipp;xsd</Extensions>
    </Filter>
    <Filter Include="Resource Files">
      <UniqueIdentifier>{67DA6AB6-F800-4c08-8B7A-83BB121AAD01}</UniqueIdentifier>
      <Extensions>rc;ico;cur;bmp;dlg;rc2;rct;bin;rgs;gif;jpg;jpeg;jpe;resx;tiff;tif;png;wav;mfcribbon-ms</Extensions>
    </Filter>
    <Filter Include="Header Files\Interfaces">
      <UniqueIdentifier>{04f9fdb0-dcc0-46e4-93c7-246633334de1}</UniqueIdentifier>
    </Filter>
    <Filter Include="Source Files\User Interface">
      <UniqueIdentifier>{10c1f2d6-e477-4054-a3a8-3d6b4c410d9b}</UniqueIdentifier>
    </Filter>
    <Filter Include="Header Files\User Interface">
      <UniqueIdentifier>{50caffbf-40f3-4e70-8cba-26b2bb74cfda}</UniqueIdentifier>
    </Filter>
    <Filter Include="Header Files\Testing">
      <UniqueIdentifier>{9cebcdc9-75a9-4e77-9558-da64b4a39535}</UniqueIdentifier>
    </Filter>
    <Filter Include="Source Files\Testing">
      <UniqueIdentifier>{fd224f62-483a-42f7-a325-42fb59f7b774}</UniqueIdentifier>
    </Filter>
    <Filter Include="Source Files\Game">
      <UniqueIdentifier>{155316c6-6b80-43cc-bec9-6e0279ea456d}</UniqueIdentifier>
    </Filter>
    <Filter Include="Header Files\Game">
      <UniqueIdentifier>{68e1f861-90df-4d7a-90e7-fdd2ea02cf07}</UniqueIdentifier>
    </Filter>
    <Filter Include="Header Files\Utility">
      <UniqueIdentifier>{502dad92-551d-4942-9293-f7b4778e96d0}</UniqueIdentifier>
    </Filter>
    <Filter Include="Source Files\Utility">
      <UniqueIdentifier>{563dc5ce-5a61-445b-a858-314a76dd2e7e}</UniqueIdentifier>
    </Filter>
    <Filter Include="Header Files\Utility\Observer">
      <UniqueIdentifier>{f04de439-0df4-4fd3-a8e6-a4c287ce1e5d}</UniqueIdentifier>
    </Filter>
    <Filter Include="Source Files\Utility\Observer">
      <UniqueIdentifier>{30d01422-2b1a-49e7-bda8-6b5a74aba911}</UniqueIdentifier>
    </Filter>
    <Filter Include="Header Files\Game\Player">
      <UniqueIdentifier>{984de3f9-6f2b-4ac2-8720-d4d6d025a6ca}</UniqueIdentifier>
    </Filter>
    <Filter Include="Source Files\Game\Player">
      <UniqueIdentifier>{c55f7f18-6d0e-42f3-9e63-3b221474035a}</UniqueIdentifier>
    </Filter>
    <Filter Include="Header Files\Game\Military">
      <UniqueIdentifier>{d10f13d7-498f-4aea-b3d7-c602ba0a54a1}</UniqueIdentifier>
    </Filter>
    <Filter Include="Source Files\Game\Map">
      <UniqueIdentifier>{c97bd290-8cf0-47f6-ac33-74ed288954a6}</UniqueIdentifier>
    </Filter>
    <Filter Include="Source Files\Game\Map\MapMaker">
      <UniqueIdentifier>{516baaa6-2238-4b8b-bafe-0882c68a45a5}</UniqueIdentifier>
    </Filter>
    <Filter Include="Source Files\Game\Estate">
      <UniqueIdentifier>{cfe3e379-6e62-441e-a859-344e8d03fde4}</UniqueIdentifier>
    </Filter>
    <Filter Include="Source Files\Game\Territory">
      <UniqueIdentifier>{74d7b4e6-482b-44f0-9669-7572825d6690}</UniqueIdentifier>
    </Filter>
    <Filter Include="Source Files\Game\Military">
      <UniqueIdentifier>{12a233ce-15e8-4ac7-849d-3a02d7b5e3a8}</UniqueIdentifier>
    </Filter>
    <Filter Include="Header Files\Game\Estate">
      <UniqueIdentifier>{8c90837f-30d2-4da4-b42d-f155e8d9aa78}</UniqueIdentifier>
    </Filter>
    <Filter Include="Header Files\Game\Map">
      <UniqueIdentifier>{dbe296e0-38d3-4ead-adbe-550ef3f498ee}</UniqueIdentifier>
    </Filter>
    <Filter Include="Header Files\Game\Map\MapMaker">
      <UniqueIdentifier>{f8fb9be5-4790-4c02-a569-45c04c232fb9}</UniqueIdentifier>
    </Filter>
    <Filter Include="Header Files\Game\Territory">
      <UniqueIdentifier>{389c53ad-9a93-40e1-a0fd-7ff4a3ee8b77}</UniqueIdentifier>
    </Filter>
    <Filter Include="Source Files\User Interface\CommandButton">
      <UniqueIdentifier>{4b310f73-5491-4336-a555-48650a862997}</UniqueIdentifier>
    </Filter>
    <Filter Include="Header Files\User Interface\CommandButton">
      <UniqueIdentifier>{82256a10-4994-4785-888a-fc555baeb1dd}</UniqueIdentifier>
    </Filter>
  </ItemGroup>
  <ItemGroup>
    <ClCompile Include="RiskTypeGame.cpp">
      <Filter>Source Files</Filter>
    </ClCompile>
    <ClCompile Include="LandArmy.cpp">
      <Filter>Source Files\Game\Military</Filter>
    </ClCompile>
    <ClCompile Include="Territory.cpp">
      <Filter>Source Files\Game\Territory</Filter>
    </ClCompile>
    <ClCompile Include="LandTerritory.cpp">
      <Filter>Source Files\Game\Territory</Filter>
    </ClCompile>
    <ClCompile Include="NavalTerritory.cpp">
      <Filter>Source Files\Game\Territory</Filter>
    </ClCompile>
    <ClCompile Include="NavalFleet.cpp">
      <Filter>Source Files\Game\Military</Filter>
    </ClCompile>
    <ClCompile Include="MilitaryForce.cpp">
      <Filter>Source Files\Game\Military</Filter>
    </ClCompile>
    <ClCompile Include="Estate.cpp">
      <Filter>Source Files\Game\Estate</Filter>
    </ClCompile>
    <ClCompile Include="Player.cpp">
      <Filter>Source Files\Game\Player</Filter>
    </ClCompile>
    <ClCompile Include="Subject.cpp">
      <Filter>Source Files\Utility\Observer</Filter>
    </ClCompile>
    <ClCompile Include="Observer.cpp">
      <Filter>Source Files\Utility\Observer</Filter>
    </ClCompile>
    <ClCompile Include="Map.cpp">
      <Filter>Source Files\Game\Map</Filter>
    </ClCompile>
    <ClCompile Include="LandedEstate.cpp">
      <Filter>Source Files\Game\Estate</Filter>
    </ClCompile>
    <ClCompile Include="Barony.cpp">
      <Filter>Source Files\Game\Estate</Filter>
    </ClCompile>
    <ClCompile Include="Grid.cpp">
      <Filter>Source Files\Game\Map</Filter>
    </ClCompile>
    <ClCompile Include="IUnitTest.cpp">
      <Filter>Source Files\Testing</Filter>
    </ClCompile>
    <ClCompile Include="TestRunner.cpp">
      <Filter>Source Files\Testing</Filter>
    </ClCompile>
    <ClCompile Include="EstateTest.cpp">
      <Filter>Source Files\Testing</Filter>
    </ClCompile>
    <ClCompile Include="ReconcileBaronies.cpp">
      <Filter>Source Files\User Interface\CommandButton</Filter>
    </ClCompile>
    <ClCompile Include="Command.cpp">
      <Filter>Source Files\User Interface\CommandButton</Filter>
    </ClCompile>
    <ClCompile Include="Game.cpp">
      <Filter>Source Files\Game</Filter>
    </ClCompile>
    <ClCompile Include="GameCreator.cpp">
      <Filter>Source Files\Game</Filter>
    </ClCompile>
    <ClCompile Include="InputUtility.cpp">
      <Filter>Source Files\Utility</Filter>
    </ClCompile>
    <ClCompile Include="Utility.cpp">
      <Filter>Source Files\Utility</Filter>
    </ClCompile>
    <ClCompile Include="TextureManager.cpp">
      <Filter>Source Files\Utility</Filter>
    </ClCompile>
    <ClCompile Include="NameGenerator.cpp">
      <Filter>Source Files\Utility</Filter>
    </ClCompile>
    <ClCompile Include="EstateMaker.cpp">
      <Filter>Source Files\Game\Map\MapMaker</Filter>
    </ClCompile>
    <ClCompile Include="MapMaker.cpp">
      <Filter>Source Files\Game\Map\MapMaker</Filter>
    </ClCompile>
    <ClCompile Include="TerritoryMaker.cpp">
      <Filter>Source Files\Game\Map\MapMaker</Filter>
    </ClCompile>
    <ClCompile Include="MilitaryManager.cpp">
      <Filter>Source Files\Game\Player</Filter>
    </ClCompile>
    <ClCompile Include="Realm.cpp">
      <Filter>Source Files\Game\Player</Filter>
    </ClCompile>
    <ClCompile Include="Title.cpp">
      <Filter>Source Files\Game\Estate</Filter>
    </ClCompile>
    <ClCompile Include="CommandButton.cpp">
      <Filter>Source Files\User Interface\CommandButton</Filter>
    </ClCompile>
    <ClCompile Include="AIPersonality.cpp">
      <Filter>Source Files\Game\Player</Filter>
    </ClCompile>
    <ClCompile Include="GameController.cpp">
      <Filter>Source Files\Game</Filter>
    </ClCompile>
    <ClCompile Include="GameView.cpp">
      <Filter>Source Files\Game</Filter>
    </ClCompile>
    <ClCompile Include="MapView.cpp">
      <Filter>Source Files\Game\Map</Filter>
    </ClCompile>
    <ClCompile Include="GameUI.cpp">
      <Filter>Source Files\Game</Filter>
    </ClCompile>
    <ClCompile Include="EstateManager.cpp">
      <Filter>Source Files\Game\Estate</Filter>
    </ClCompile>
    <ClCompile Include="TerritoryManager.cpp">
      <Filter>Source Files\Game\Territory</Filter>
    </ClCompile>
    <ClCompile Include="Button.cpp">
      <Filter>Source Files\User Interface</Filter>
    </ClCompile>
    <ClCompile Include="MilitaryForceGraphics.cpp">
      <Filter>Source Files\Game\Military</Filter>
    </ClCompile>
    <ClCompile Include="AIPlayerComponent.cpp">
      <Filter>Source Files\Game\Player</Filter>
    </ClCompile>
    <ClCompile Include="MilitaryTest.cpp">
      <Filter>Source Files\Testing</Filter>
    </ClCompile>
    <ClCompile Include="RealmTest.cpp">
      <Filter>Source Files\Testing</Filter>
    </ClCompile>
  </ItemGroup>
  <ItemGroup>
    <ClInclude Include="LandArmy.h">
      <Filter>Header Files\Game\Military</Filter>
    </ClInclude>
    <ClInclude Include="NavalTerritory.h">
      <Filter>Header Files\Game\Territory</Filter>
    </ClInclude>
    <ClInclude Include="LandTerritory.h">
      <Filter>Header Files\Game\Territory</Filter>
    </ClInclude>
    <ClInclude Include="Territory.h">
      <Filter>Header Files\Game\Territory</Filter>
    </ClInclude>
    <ClInclude Include="Title.h">
      <Filter>Header Files\Game\Estate</Filter>
    </ClInclude>
    <ClInclude Include="IDrawable.h">
      <Filter>Header Files\Interfaces</Filter>
    </ClInclude>
    <ClInclude Include="NavalFleet.h">
      <Filter>Header Files\Game\Military</Filter>
    </ClInclude>
    <ClInclude Include="MilitaryForce.h">
      <Filter>Header Files\Game\Military</Filter>
    </ClInclude>
    <ClInclude Include="Estate.h">
      <Filter>Header Files\Game\Estate</Filter>
    </ClInclude>
    <ClInclude Include="Observer.h">
      <Filter>Header Files\Utility\Observer</Filter>
    </ClInclude>
    <ClInclude Include="Subject.h">
      <Filter>Header Files\Utility\Observer</Filter>
    </ClInclude>
    <ClInclude Include="Message.h">
      <Filter>Header Files\Utility\Observer</Filter>
    </ClInclude>
    <ClInclude Include="Map.h">
      <Filter>Header Files\Game\Map</Filter>
    </ClInclude>
    <ClInclude Include="LandedEstate.h">
      <Filter>Header Files\Game\Estate</Filter>
    </ClInclude>
    <ClInclude Include="Barony.h">
      <Filter>Header Files\Game\Estate</Filter>
    </ClInclude>
    <ClInclude Include="IMilitaryFactory.h">
      <Filter>Header Files\Interfaces</Filter>
    </ClInclude>
    <ClInclude Include="Grid.h">
      <Filter>Header Files\Game\Map</Filter>
    </ClInclude>
    <ClInclude Include="Command.h">
      <Filter>Header Files\User Interface\CommandButton</Filter>
    </ClInclude>
    <ClInclude Include="ChangeInstance.h">
      <Filter>Header Files\User Interface\CommandButton</Filter>
    </ClInclude>
    <ClInclude Include="ReconcileBaronies.h">
      <Filter>Header Files\User Interface\CommandButton</Filter>
    </ClInclude>
    <ClInclude Include="IUnitTest.h">
      <Filter>Header Files\Testing</Filter>
    </ClInclude>
    <ClInclude Include="EstateTest.h">
      <Filter>Header Files\Testing</Filter>
    </ClInclude>
    <ClInclude Include="TestRunner.h">
      <Filter>Header Files\Testing</Filter>
    </ClInclude>
    <ClInclude Include="Game.h">
      <Filter>Header Files\Game</Filter>
    </ClInclude>
    <ClInclude Include="GameCreator.h">
      <Filter>Header Files\Game</Filter>
    </ClInclude>
    <ClInclude Include="Player.h">
      <Filter>Header Files\Game\Player</Filter>
    </ClInclude>
    <ClInclude Include="InputUtility.h">
      <Filter>Header Files\Utility</Filter>
    </ClInclude>
    <ClInclude Include="TextureManager.h">
      <Filter>Header Files\Utility</Filter>
    </ClInclude>
    <ClInclude Include="Utility.h">
      <Filter>Header Files\Utility</Filter>
    </ClInclude>
    <ClInclude Include="NameGenerator.h">
      <Filter>Header Files\Utility</Filter>
    </ClInclude>
    <ClInclude Include="EstateMaker.h">
      <Filter>Header Files\Game\Map\MapMaker</Filter>
    </ClInclude>
    <ClInclude Include="TerritoryMaker.h">
      <Filter>Header Files\Game\Map\MapMaker</Filter>
    </ClInclude>
    <ClInclude Include="MapMaker.h">
      <Filter>Header Files\Game\Map\MapMaker</Filter>
    </ClInclude>
    <ClInclude Include="MilitaryManager.h">
      <Filter>Header Files\Game\Player</Filter>
    </ClInclude>
    <ClInclude Include="Realm.h">
      <Filter>Header Files\Game\Player</Filter>
    </ClInclude>
    <ClInclude Include="CommandButton.h">
      <Filter>Header Files\User Interface\CommandButton</Filter>
    </ClInclude>
    <ClInclude Include="AIPersonality.h">
      <Filter>Header Files\Game\Player</Filter>
    </ClInclude>
    <ClInclude Include="GameController.h">
      <Filter>Header Files\Game</Filter>
    </ClInclude>
    <ClInclude Include="GameView.h">
      <Filter>Header Files\Game</Filter>
    </ClInclude>
    <ClInclude Include="TerritoryManager.h">
      <Filter>Header Files\Game\Territory</Filter>
    </ClInclude>
    <ClInclude Include="EstateManager.h">
      <Filter>Header Files\Game\Estate</Filter>
    </ClInclude>
    <ClInclude Include="MapView.h">
      <Filter>Header Files\Game\Map</Filter>
    </ClInclude>
    <ClInclude Include="GameUI.h">
      <Filter>Header Files\Game</Filter>
    </ClInclude>
    <ClInclude Include="Button.h">
      <Filter>Header Files\User Interface</Filter>
    </ClInclude>
    <ClInclude Include="MilitaryForceGraphics.h">
      <Filter>Header Files\Game\Military</Filter>
    </ClInclude>
    <ClInclude Include="AIPlayerComponent.h">
      <Filter>Header Files\Game\Player</Filter>
    </ClInclude>
    <ClInclude Include="MilitaryTest.h">
      <Filter>Header Files\Testing</Filter>
    </ClInclude>
    <ClInclude Include="RealmTest.h">
      <Filter>Header Files\Testing</Filter>
    </ClInclude>
  </ItemGroup>
</Project>