<?xml version="1.0" encoding="utf-8"?>
<Project ToolsVersion="4.0" xmlns="http://schemas.microsoft.com/developer/msbuild/2003">
  <ItemGroup>
    <Filter Include="Source Files">
      <UniqueIdentifier>{4FC737F1-C7A5-4376-A066-2A32D752A2FF}</UniqueIdentifier>
      <Extensions>cpp;c;cc;cxx;def;odl;idl;hpj;bat;asm;asmx</Extensions>
    </Filter>
    <Filter Include="Header Files">
      <UniqueIdentifier>{93995380-89BD-4b04-88EB-625FBE52EBFB}</UniqueIdentifier>
      <Extensions>h;hh;hpp;hxx;hm;inl;inc;ipp;xsd</Extensions>
    </Filter>
    <Filter Include="Resource Files">
      <UniqueIdentifier>{67DA6AB6-F800-4c08-8B7A-83BB121AAD01}</UniqueIdentifier>
      <Extensions>rc;ico;cur;bmp;dlg;rc2;rct;bin;rgs;gif;jpg;jpeg;jpe;resx;tiff;tif;png;wav;mfcribbon-ms</Extensions>
    </Filter>
    <Filter Include="Header Files\Military">
      <UniqueIdentifier>{d10f13d7-498f-4aea-b3d7-c602ba0a54a1}</UniqueIdentifier>
    </Filter>
    <Filter Include="Source Files\Military">
      <UniqueIdentifier>{12a233ce-15e8-4ac7-849d-3a02d7b5e3a8}</UniqueIdentifier>
    </Filter>
    <Filter Include="Header Files\Territory">
      <UniqueIdentifier>{389c53ad-9a93-40e1-a0fd-7ff4a3ee8b77}</UniqueIdentifier>
    </Filter>
    <Filter Include="Source Files\Territory">
      <UniqueIdentifier>{74d7b4e6-482b-44f0-9669-7572825d6690}</UniqueIdentifier>
    </Filter>
    <Filter Include="Source Files\Managers">
      <UniqueIdentifier>{f3a1062f-0d69-4e53-aa79-b8d671cc8999}</UniqueIdentifier>
    </Filter>
    <Filter Include="Header Files\Managers">
      <UniqueIdentifier>{e57cad2d-d1c8-4771-aebf-611eb2c335dc}</UniqueIdentifier>
    </Filter>
    <Filter Include="Header Files\Interfaces">
      <UniqueIdentifier>{04f9fdb0-dcc0-46e4-93c7-246633334de1}</UniqueIdentifier>
    </Filter>
    <Filter Include="Header Files\Estate">
      <UniqueIdentifier>{8c90837f-30d2-4da4-b42d-f155e8d9aa78}</UniqueIdentifier>
    </Filter>
    <Filter Include="Source Files\Estate">
      <UniqueIdentifier>{cfe3e379-6e62-441e-a859-344e8d03fde4}</UniqueIdentifier>
    </Filter>
    <Filter Include="Source Files\Player">
      <UniqueIdentifier>{c55f7f18-6d0e-42f3-9e63-3b221474035a}</UniqueIdentifier>
    </Filter>
    <Filter Include="Header Files\Player">
      <UniqueIdentifier>{984de3f9-6f2b-4ac2-8720-d4d6d025a6ca}</UniqueIdentifier>
    </Filter>
  </ItemGroup>
  <ItemGroup>
    <ClCompile Include="RiskTypeGame.cpp">
      <Filter>Source Files</Filter>
    </ClCompile>
    <ClCompile Include="LandArmy.cpp">
      <Filter>Source Files\Military</Filter>
    </ClCompile>
    <ClCompile Include="Barony.cpp">
      <Filter>Source Files\Estate</Filter>
    </ClCompile>
    <ClCompile Include="Territory.cpp">
      <Filter>Source Files\Territory</Filter>
    </ClCompile>
    <ClCompile Include="LandTerritory.cpp">
      <Filter>Source Files\Territory</Filter>
    </ClCompile>
    <ClCompile Include="NavalTerritory.cpp">
      <Filter>Source Files\Territory</Filter>
    </ClCompile>
    <ClCompile Include="TextureManager.cpp">
      <Filter>Source Files\Managers</Filter>
    </ClCompile>
    <ClCompile Include="NavalFleet.cpp">
      <Filter>Source Files\Military</Filter>
    </ClCompile>
    <ClCompile Include="MilitaryForce.cpp">
      <Filter>Source Files\Military</Filter>
    </ClCompile>
    <ClCompile Include="Estate.cpp">
      <Filter>Source Files\Estate</Filter>
    </ClCompile>
    <ClCompile Include="DirectEstate.cpp">
      <Filter>Source Files\Estate</Filter>
    </ClCompile>
    <ClCompile Include="Player.cpp">
      <Filter>Source Files\Player</Filter>
    </ClCompile>
    <ClCompile Include="MilitaryManager.cpp">
      <Filter>Source Files\Player</Filter>
    </ClCompile>
  </ItemGroup>
  <ItemGroup>
    <ClInclude Include="LandArmy.h">
      <Filter>Header Files\Military</Filter>
    </ClInclude>
    <ClInclude Include="NavalTerritory.h">
      <Filter>Header Files\Territory</Filter>
    </ClInclude>
    <ClInclude Include="LandTerritory.h">
      <Filter>Header Files\Territory</Filter>
    </ClInclude>
    <ClInclude Include="Territory.h">
      <Filter>Header Files\Territory</Filter>
    </ClInclude>
    <ClInclude Include="Title.h">
      <Filter>Header Files\Estate</Filter>
    </ClInclude>
    <ClInclude Include="Barony.h">
      <Filter>Header Files\Estate</Filter>
    </ClInclude>
    <ClInclude Include="TextureManager.h">
      <Filter>Header Files\Managers</Filter>
    </ClInclude>
    <ClInclude Include="IDrawable.h">
      <Filter>Header Files\Interfaces</Filter>
    </ClInclude>
    <ClInclude Include="NavalFleet.h">
      <Filter>Header Files\Military</Filter>
    </ClInclude>
    <ClInclude Include="MilitaryForce.h">
      <Filter>Header Files\Military</Filter>
    </ClInclude>
    <ClInclude Include="Estate.h">
      <Filter>Header Files\Estate</Filter>
    </ClInclude>
    <ClInclude Include="DirectEstate.h">
      <Filter>Header Files\Estate</Filter>
    </ClInclude>
    <ClInclude Include="Player.h">
      <Filter>Header Files\Player</Filter>
    </ClInclude>
    <ClInclude Include="MilitaryManager.h">
      <Filter>Header Files\Player</Filter>
    </ClInclude>
  </ItemGroup>
</Project>